lockfileVersion: '9.0'

settings:
  autoInstallPeers: true
  excludeLinksFromLockfile: false

importers:

  .:
    dependencies:
      vue:
        specifier: ^3.5.18
        version: 3.5.21(typescript@6.0.3)
    devDependencies:
      '@tailwindcss/vite':
        specifier: ^4.3.0
        version: 4.3.0(vite@7.1.5(@types/node@24.5.2)(jiti@2.7.0)(lightningcss@1.32.0)(terser@5.44.0))
      '@types/node':
        specifier: ^24.5.2
        version: 24.5.2
      '@vitejs/plugin-vue':
        specifier: ^6.0.1
        version: 6.0.1(vite@7.1.5(@types/node@24.5.2)(jiti@2.7.0)(lightningcss@1.32.0)(terser@5.44.0))(vue@3.5.21(typescript@6.0.3))
      '@vue/tsconfig':
        specifier: ^0.7.0
        version: 0.7.0(typescript@6.0.3)(vue@3.5.21(typescript@6.0.3))
      postcss:
        specifier: ^8.5.15
        version: 8.5.15
      tailwindcss:
        specifier: ^4.3.0
        version: 4.3.0
      typescript:
        specifier: ~6.0.3
        version: 6.0.3
      vite:
        specifier: ^7.1.2
        version: 7.1.5(@types/node@24.5.2)(jiti@2.7.0)(lightningcss@1.32.0)(terser@5.44.0)
      vue-tsc:
        specifier: ^3.0.5
        version: 3.0.7(typescript@6.0.3)

packages:

  '@babel/helper-string-parser@7.27.1':
    resolution: {integrity: sha512-qMlSxKbpRlAridDExk92nSobyDdpPijUq2DW6oDnUqd0iOGxmQjyqhMIihI9+zv4LPyZdRje2cavWPbCbWm3eA==}
    engines: {node: '>=6.9.0'}

  '@babel/helper-validator-identifier@7.27.1':
    resolution: {integrity: sha512-D2hP9eA+Sqx1kBZgzxZh0y1trbuU+JoDkiEwqhQ36nodYqJwyEIhPSdMNd7lOm/4io72luTPWH20Yda0xOuUow==}
    engines: {node: '>=6.9.0'}

  '@babel/parser@7.28.4':
    resolution: {integrity: sha512-yZbBqeM6TkpP9du/I2pUZnJsRMGGvOuIrhjzC1AwHwW+6he4mni6Bp/m8ijn0iOuZuPI2BfkCoSRunpyjnrQKg==}
    engines: {node: '>=6.0.0'}
    hasBin: true

  '@babel/types@7.28.4':
    resolution: {integrity: sha512-bkFqkLhh3pMBUQQkpVgWDWq/lqzc2678eUyDlTBhRqhCHFguYYGM0Efga7tYk4TogG/3x0EEl66/OQ+WGbWB/Q==}
    engines: {node: '>=6.9.0'}

  '@esbuild/aix-ppc64@0.25.10':
    resolution: {integrity: sha512-0NFWnA+7l41irNuaSVlLfgNT12caWJVLzp5eAVhZ0z1qpxbockccEt3s+149rE64VUI3Ml2zt8Nv5JVc4QXTsw==}
    engines: {node: '>=18'}
    cpu: [ppc64]
    os: [aix]

  '@esbuild/android-arm64@0.25.10':
    resolution: {integrity: sha512-LSQa7eDahypv/VO6WKohZGPSJDq5OVOo3UoFR1E4t4Gj1W7zEQMUhI+lo81H+DtB+kP+tDgBp+M4oNCwp6kffg==}
    engines: {node: '>=18'}
    cpu: [arm64]
    os: [android]

  '@esbuild/android-arm@0.25.10':
    resolution: {integrity: sha512-dQAxF1dW1C3zpeCDc5KqIYuZ1tgAdRXNoZP7vkBIRtKZPYe2xVr/d3SkirklCHudW1B45tGiUlz2pUWDfbDD4w==}
    engines: {node: '>=18'}
    cpu: [arm]
    os: [android]

  '@esbuild/android-x64@0.25.10':
    resolution: {integrity: sha512-MiC9CWdPrfhibcXwr39p9ha1x0lZJ9KaVfvzA0Wxwz9ETX4v5CHfF09bx935nHlhi+MxhA63dKRRQLiVgSUtEg==}
    engines: {node: '>=18'}
    cpu: [x64]
    os: [android]

  '@esbuild/darwin-arm64@0.25.10':
    resolution: {integrity: sha512-JC74bdXcQEpW9KkV326WpZZjLguSZ3DfS8wrrvPMHgQOIEIG/sPXEN/V8IssoJhbefLRcRqw6RQH2NnpdprtMA==}
    engines: {node: '>=18'}
    cpu: [arm64]
    os: [darwin]

  '@esbuild/darwin-x64@0.25.10':
    resolution: {integrity: sha512-tguWg1olF6DGqzws97pKZ8G2L7Ig1vjDmGTwcTuYHbuU6TTjJe5FXbgs5C1BBzHbJ2bo1m3WkQDbWO2PvamRcg==}
    engines: {node: '>=18'}
    cpu: [x64]
    os: [darwin]

  '@esbuild/freebsd-arm64@0.25.10':
    resolution: {integrity: sha512-3ZioSQSg1HT2N05YxeJWYR+Libe3bREVSdWhEEgExWaDtyFbbXWb49QgPvFH8u03vUPX10JhJPcz7s9t9+boWg==}
    engines: {node: '>=18'}
    cpu: [arm64]
    os: [freebsd]

  '@esbuild/freebsd-x64@0.25.10':
    resolution: {integrity: sha512-LLgJfHJk014Aa4anGDbh8bmI5Lk+QidDmGzuC2D+vP7mv/GeSN+H39zOf7pN5N8p059FcOfs2bVlrRr4SK9WxA==}
    engines: {node: '>=18'}
    cpu: [x64]
    os: [freebsd]

  '@esbuild/linux-arm64@0.25.10':
    resolution: {integrity: sha512-5luJWN6YKBsawd5f9i4+c+geYiVEw20FVW5x0v1kEMWNq8UctFjDiMATBxLvmmHA4bf7F6hTRaJgtghFr9iziQ==}
    engines: {node: '>=18'}
    cpu: [arm64]
    os: [linux]

  '@esbuild/linux-arm@0.25.10':
    resolution: {integrity: sha512-oR31GtBTFYCqEBALI9r6WxoU/ZofZl962pouZRTEYECvNF/dtXKku8YXcJkhgK/beU+zedXfIzHijSRapJY3vg==}
    engines: {node: '>=18'}
    cpu: [arm]
    os: [linux]

  '@esbuild/linux-ia32@0.25.10':
    resolution: {integrity: sha512-NrSCx2Kim3EnnWgS4Txn0QGt0Xipoumb6z6sUtl5bOEZIVKhzfyp/Lyw4C1DIYvzeW/5mWYPBFJU3a/8Yr75DQ==}
    engines: {node: '>=18'}
    cpu: [ia32]
    os: [linux]

  '@esbuild/linux-loong64@0.25.10':
    resolution: {integrity: sha512-xoSphrd4AZda8+rUDDfD9J6FUMjrkTz8itpTITM4/xgerAZZcFW7Dv+sun7333IfKxGG8gAq+3NbfEMJfiY+Eg==}
    engines: {node: '>=18'}
    cpu: [loong64]
    os: [linux]

  '@esbuild/linux-mips64el@0.25.10':
    resolution: {integrity: sha512-ab6eiuCwoMmYDyTnyptoKkVS3k8fy/1Uvq7Dj5czXI6DF2GqD2ToInBI0SHOp5/X1BdZ26RKc5+qjQNGRBelRA==}
    engines: {node: '>=18'}
    cpu: [mips64el]
    os: [linux]

  '@esbuild/linux-ppc64@0.25.10':
    resolution: {integrity: sha512-NLinzzOgZQsGpsTkEbdJTCanwA5/wozN9dSgEl12haXJBzMTpssebuXR42bthOF3z7zXFWH1AmvWunUCkBE4EA==}
    engines: {node: '>=18'}
    cpu: [ppc64]
    os: [linux]

  '@esbuild/linux-riscv64@0.25.10':
    resolution: {integrity: sha512-FE557XdZDrtX8NMIeA8LBJX3dC2M8VGXwfrQWU7LB5SLOajfJIxmSdyL/gU1m64Zs9CBKvm4UAuBp5aJ8OgnrA==}
    engines: {node: '>=18'}
    cpu: [riscv64]
    os: [linux]

  '@esbuild/linux-s390x@0.25.10':
    resolution: {integrity: sha512-3BBSbgzuB9ajLoVZk0mGu+EHlBwkusRmeNYdqmznmMc9zGASFjSsxgkNsqmXugpPk00gJ0JNKh/97nxmjctdew==}
    engines: {node: '>=18'}
    cpu: [s390x]
    os: [linux]

  '@esbuild/linux-x64@0.25.10':
    resolution: {integrity: sha512-QSX81KhFoZGwenVyPoberggdW1nrQZSvfVDAIUXr3WqLRZGZqWk/P4T8p2SP+de2Sr5HPcvjhcJzEiulKgnxtA==}
    engines: {node: '>=18'}
    cpu: [x64]
    os: [linux]

  '@esbuild/netbsd-arm64@0.25.10':
    resolution: {integrity: sha512-AKQM3gfYfSW8XRk8DdMCzaLUFB15dTrZfnX8WXQoOUpUBQ+NaAFCP1kPS/ykbbGYz7rxn0WS48/81l9hFl3u4A==}
    engines: {node: '>=18'}
    cpu: [arm64]
    os: [netbsd]

  '@esbuild/netbsd-x64@0.25.10':
    resolution: {integrity: sha512-7RTytDPGU6fek/hWuN9qQpeGPBZFfB4zZgcz2VK2Z5VpdUxEI8JKYsg3JfO0n/Z1E/6l05n0unDCNc4HnhQGig==}
    engines: {node: '>=18'}
    cpu: [x64]
    os: [netbsd]

  '@esbuild/openbsd-arm64@0.25.10':
    resolution: {integrity: sha512-5Se0VM9Wtq797YFn+dLimf2Zx6McttsH2olUBsDml+lm0GOCRVebRWUvDtkY4BWYv/3NgzS8b/UM3jQNh5hYyw==}
    engines: {node: '>=18'}
    cpu: [arm64]
    os: [openbsd]

  '@esbuild/openbsd-x64@0.25.10':
    resolution: {integrity: sha512-XkA4frq1TLj4bEMB+2HnI0+4RnjbuGZfet2gs/LNs5Hc7D89ZQBHQ0gL2ND6Lzu1+QVkjp3x1gIcPKzRNP8bXw==}
    engines: {node: '>=18'}
    cpu: [x64]
    os: [openbsd]

  '@esbuild/openharmony-arm64@0.25.10':
    resolution: {integrity: sha512-AVTSBhTX8Y/Fz6OmIVBip9tJzZEUcY8WLh7I59+upa5/GPhh2/aM6bvOMQySspnCCHvFi79kMtdJS1w0DXAeag==}
    engines: {node: '>=18'}
    cpu: [arm64]
    os: [openharmony]

  '@esbuild/sunos-x64@0.25.10':
    resolution: {integrity: sha512-fswk3XT0Uf2pGJmOpDB7yknqhVkJQkAQOcW/ccVOtfx05LkbWOaRAtn5SaqXypeKQra1QaEa841PgrSL9ubSPQ==}
    engines: {node: '>=18'}
    cpu: [x64]
    os: [sunos]

  '@esbuild/win32-arm64@0.25.10':
    resolution: {integrity: sha512-ah+9b59KDTSfpaCg6VdJoOQvKjI33nTaQr4UluQwW7aEwZQsbMCfTmfEO4VyewOxx4RaDT/xCy9ra2GPWmO7Kw==}
    engines: {node: '>=18'}
    cpu: [arm64]
    os: [win32]

  '@esbuild/win32-ia32@0.25.10':
    resolution: {integrity: sha512-QHPDbKkrGO8/cz9LKVnJU22HOi4pxZnZhhA2HYHez5Pz4JeffhDjf85E57Oyco163GnzNCVkZK0b/n4Y0UHcSw==}
    engines: {node: '>=18'}
    cpu: [ia32]
    os: [win32]

  '@esbuild/win32-x64@0.25.10':
    resolution: {integrity: sha512-9KpxSVFCu0iK1owoez6aC/s/EdUQLDN3adTxGCqxMVhrPDj6bt5dbrHDXUuq+Bs2vATFBBrQS5vdQ/Ed2P+nbw==}
    engines: {node: '>=18'}
    cpu: [x64]
    os: [win32]

  '@jridgewell/gen-mapping@0.3.13':
    resolution: {integrity: sha512-2kkt/7niJ6MgEPxF0bYdQ6etZaA+fQvDcLKckhy1yIQOzaoKjBBjSj63/aLVjYE3qhRt5dvM+uUyfCg6UKCBbA==}

  '@jridgewell/remapping@2.3.5':
    resolution: {integrity: sha512-LI9u/+laYG4Ds1TDKSJW2YPrIlcVYOwi2fUC6xB43lueCjgxV4lffOCZCtYFiH6TNOX+tQKXx97T4IKHbhyHEQ==}

  '@jridgewell/resolve-uri@3.1.2':
    resolution: {integrity: sha512-bRISgCIjP20/tbWSPWMEi54QVPRZExkuD9lJL+UIxUKtwVJA8wW1Trb1jMs1RFXo1CBTNZ/5hpC9QvmKWdopKw==}
    engines: {node: '>=6.0.0'}

  '@jridgewell/source-map@0.3.11':
    resolution: {integrity: sha512-ZMp1V8ZFcPG5dIWnQLr3NSI1MiCU7UETdS/A0G8V/XWHvJv3ZsFqutJn1Y5RPmAPX6F3BiE397OqveU/9NCuIA==}

  '@jridgewell/sourcemap-codec@1.5.5':
    resolution: {integrity: sha512-cYQ9310grqxueWbl+WuIUIaiUaDcj7WOq5fVhEljNVgRfOUhY9fy2zTvfoqWsnebh8Sl70VScFbICvJnLKB0Og==}

  '@jridgewell/trace-mapping@0.3.31':
    resolution: {integrity: sha512-zzNR+SdQSDJzc8joaeP8QQoCQr8NuYx2dIIytl1QeBEZHJ9uW6hebsrYgbz8hJwUQao3TWCMtmfV8Nu1twOLAw==}

  '@rolldown/pluginutils@1.0.0-beta.29':
    resolution: {integrity: sha512-NIJgOsMjbxAXvoGq/X0gD7VPMQ8j9g0BiDaNjVNVjvl+iKXxL3Jre0v31RmBYeLEmkbj2s02v8vFTbUXi5XS2Q==}

  '@rollup/rollup-android-arm-eabi@4.50.2':
    resolution: {integrity: sha512-uLN8NAiFVIRKX9ZQha8wy6UUs06UNSZ32xj6giK/rmMXAgKahwExvK6SsmgU5/brh4w/nSgj8e0k3c1HBQpa0A==}
    cpu: [arm]
    os: [android]

  '@rollup/rollup-android-arm64@4.50.2':
    resolution: {integrity: sha512-oEouqQk2/zxxj22PNcGSskya+3kV0ZKH+nQxuCCOGJ4oTXBdNTbv+f/E3c74cNLeMO1S5wVWacSws10TTSB77g==}
    cpu: [arm64]
    os: [android]

  '@rollup/rollup-darwin-arm64@4.50.2':
    resolution: {integrity: sha512-OZuTVTpj3CDSIxmPgGH8en/XtirV5nfljHZ3wrNwvgkT5DQLhIKAeuFSiwtbMto6oVexV0k1F1zqURPKf5rI1Q==}
    cpu: [arm64]
    os: [darwin]

  '@rollup/rollup-darwin-x64@4.50.2':
    resolution: {integrity: sha512-Wa/Wn8RFkIkr1vy1k1PB//VYhLnlnn5eaJkfTQKivirOvzu5uVd2It01ukeQstMursuz7S1bU+8WW+1UPXpa8A==}
    cpu: [x64]
    os: [darwin]

  '@rollup/rollup-freebsd-arm64@4.50.2':
    resolution: {integrity: sha512-QkzxvH3kYN9J1w7D1A+yIMdI1pPekD+pWx7G5rXgnIlQ1TVYVC6hLl7SOV9pi5q9uIDF9AuIGkuzcbF7+fAhow==}
    cpu: [arm64]
    os: [freebsd]

  '@rollup/rollup-freebsd-x64@4.50.2':
    resolution: {integrity: sha512-dkYXB0c2XAS3a3jmyDkX4Jk0m7gWLFzq1C3qUnJJ38AyxIF5G/dyS4N9B30nvFseCfgtCEdbYFhk0ChoCGxPog==}
    cpu: [x64]
    os: [freebsd]

  '@rollup/rollup-linux-arm-gnueabihf@4.50.2':
    resolution: {integrity: sha512-9VlPY/BN3AgbukfVHAB8zNFWB/lKEuvzRo1NKev0Po8sYFKx0i+AQlCYftgEjcL43F2h9Ui1ZSdVBc4En/sP2w==}
    cpu: [arm]
    os: [linux]

  '@rollup/rollup-linux-arm-musleabihf@4.50.2':
    resolution: {integrity: sha512-+GdKWOvsifaYNlIVf07QYan1J5F141+vGm5/Y8b9uCZnG/nxoGqgCmR24mv0koIWWuqvFYnbURRqw1lv7IBINw==}
    cpu: [arm]
    os: [linux]

  '@rollup/rollup-linux-arm64-gnu@4.50.2':
    resolution: {integrity: sha512-df0Eou14ojtUdLQdPFnymEQteENwSJAdLf5KCDrmZNsy1c3YaCNaJvYsEUHnrg+/DLBH612/R0xd3dD03uz2dg==}
    cpu: [arm64]
    os: [linux]

  '@rollup/rollup-linux-arm64-musl@4.50.2':
    resolution: {integrity: sha512-iPeouV0UIDtz8j1YFR4OJ/zf7evjauqv7jQ/EFs0ClIyL+by++hiaDAfFipjOgyz6y6xbDvJuiU4HwpVMpRFDQ==}
    cpu: [arm64]
    os: [linux]

  '@rollup/rollup-linux-loong64-gnu@4.50.2':
    resolution: {integrity: sha512-OL6KaNvBopLlj5fTa5D5bau4W82f+1TyTZRr2BdnfsrnQnmdxh4okMxR2DcDkJuh4KeoQZVuvHvzuD/lyLn2Kw==}
    cpu: [loong64]
    os: [linux]

  '@rollup/rollup-linux-ppc64-gnu@4.50.2':
    resolution: {integrity: sha512-I21VJl1w6z/K5OTRl6aS9DDsqezEZ/yKpbqlvfHbW0CEF5IL8ATBMuUx6/mp683rKTK8thjs/0BaNrZLXetLag==}
    cpu: [ppc64]
    os: [linux]

  '@rollup/rollup-linux-riscv64-gnu@4.50.2':
    resolution: {integrity: sha512-Hq6aQJT/qFFHrYMjS20nV+9SKrXL2lvFBENZoKfoTH2kKDOJqff5OSJr4x72ZaG/uUn+XmBnGhfr4lwMRrmqCQ==}
    cpu: [riscv64]
    os: [linux]

  '@rollup/rollup-linux-riscv64-musl@4.50.2':
    resolution: {integrity: sha512-82rBSEXRv5qtKyr0xZ/YMF531oj2AIpLZkeNYxmKNN6I2sVE9PGegN99tYDLK2fYHJITL1P2Lgb4ZXnv0PjQvw==}
    cpu: [riscv64]
    os: [linux]

  '@rollup/rollup-linux-s390x-gnu@4.50.2':
    resolution: {integrity: sha512-4Q3S3Hy7pC6uaRo9gtXUTJ+EKo9AKs3BXKc2jYypEcMQ49gDPFU2P1ariX9SEtBzE5egIX6fSUmbmGazwBVF9w==}
    cpu: [s390x]
    os: [linux]

  '@rollup/rollup-linux-x64-gnu@4.50.2':
    resolution: {integrity: sha512-9Jie/At6qk70dNIcopcL4p+1UirusEtznpNtcq/u/C5cC4HBX7qSGsYIcG6bdxj15EYWhHiu02YvmdPzylIZlA==}
    cpu: [x64]
    os: [linux]

  '@rollup/rollup-linux-x64-musl@4.50.2':
    resolution: {integrity: sha512-HPNJwxPL3EmhzeAnsWQCM3DcoqOz3/IC6de9rWfGR8ZCuEHETi9km66bH/wG3YH0V3nyzyFEGUZeL5PKyy4xvw==}
    cpu: [x64]
    os: [linux]

  '@rollup/rollup-openharmony-arm64@4.50.2':
    resolution: {integrity: sha512-nMKvq6FRHSzYfKLHZ+cChowlEkR2lj/V0jYj9JnGUVPL2/mIeFGmVM2mLaFeNa5Jev7W7TovXqXIG2d39y1KYA==}
    cpu: [arm64]
    os: [openharmony]

  '@rollup/rollup-win32-arm64-msvc@4.50.2':
    resolution: {integrity: sha512-eFUvvnTYEKeTyHEijQKz81bLrUQOXKZqECeiWH6tb8eXXbZk+CXSG2aFrig2BQ/pjiVRj36zysjgILkqarS2YA==}
    cpu: [arm64]
    os: [win32]

  '@rollup/rollup-win32-ia32-msvc@4.50.2':
    resolution: {integrity: sha512-cBaWmXqyfRhH8zmUxK3d3sAhEWLrtMjWBRwdMMHJIXSjvjLKvv49adxiEz+FJ8AP90apSDDBx2Tyd/WylV6ikA==}
    cpu: [ia32]
    os: [win32]

  '@rollup/rollup-win32-x64-msvc@4.50.2':
    resolution: {integrity: sha512-APwKy6YUhvZaEoHyM+9xqmTpviEI+9eL7LoCH+aLcvWYHJ663qG5zx7WzWZY+a9qkg5JtzcMyJ9z0WtQBMDmgA==}
    cpu: [x64]
    os: [win32]

  '@tailwindcss/node@4.3.0':
    resolution: {integrity: sha512-aFb4gUhFOgdh9AXo4IzBEOzBkkAxm9VigwDJnMIYv3lcfXCJVesNfbEaBl4BNgVRyid92AmdviqwBUBRKSeY3g==}

  '@tailwindcss/oxide-android-arm64@4.3.0':
    resolution: {integrity: sha512-TJPiq67tKlLuObP6RkwvVGDoxCMBVtDgKkLfa/uyj7/FyxvQwHS+UOnVrXXgbEsfUaMgiVvC4KbJnRr26ho4Ng==}
    engines: {node: '>= 20'}
    cpu: [arm64]
    os: [android]

  '@tailwindcss/oxide-darwin-arm64@4.3.0':
    resolution: {integrity: sha512-oMN/WZRb+SO37BmUElEgeEWuU8E/HXRkiODxJxLe1UTHVXLrdVSgfaJV7pSlhRGMSOiXLuxTIjfsF3wYvz8cgQ==}
    engines: {node: '>= 20'}
    cpu: [arm64]
    os: [darwin]

  '@tailwindcss/oxide-darwin-x64@4.3.0':
    resolution: {integrity: sha512-N6CUmu4a6bKVADfw77p+iw6Yd9Q3OBhe0veaDX+QazfuVYlQsHfDgxBrsjQ/IW+zywL8mTrNd0SdJT/zgtvMdA==}
    engines: {node: '>= 20'}
    cpu: [x64]
    os: [darwin]

  '@tailwindcss/oxide-freebsd-x64@4.3.0':
    resolution: {integrity: sha512-zDL5hBkQdH5C6MpqbK3gQAgP80tsMwSI26vjOzjJtNCMUo0lFgOItzHKBIupOZNQxt3ouPH7RPhvNhiTfCe5CQ==}
    engines: {node: '>= 20'}
    cpu: [x64]
    os: [freebsd]

  '@tailwindcss/oxide-linux-arm-gnueabihf@4.3.0':
    resolution: {integrity: sha512-R06HdNi7A7OEoMsf6d4tjZ71RCWnZQPHj2mnotSFURjNLdBC+cIgXQ7l81CqeoiQftjf6OOblxXMInMgN2VzMA==}
    engines: {node: '>= 20'}
    cpu: [arm]
    os: [linux]

  '@tailwindcss/oxide-linux-arm64-gnu@4.3.0':
    resolution: {integrity: sha512-qTJHELX8jetjhRQHCLilkVLmybpzNQAtaI/gaoVoidn/ufbNDbAo8KlK2J+yPoc8wQxvDxCmh/5lr8nC1+lTbg==}
    engines: {node: '>= 20'}
    cpu: [arm64]
    os: [linux]

  '@tailwindcss/oxide-linux-arm64-musl@4.3.0':
    resolution: {integrity: sha512-Z6sukiQsngnWO+l39X4pPbiWT81IC+PLKF+PHxIlyZbGNb9MODfYlXEVlFvej5BOZInWX01kVyzeLvHsXhfczQ==}
    engines: {node: '>= 20'}
    cpu: [arm64]
    os: [linux]

  '@tailwindcss/oxide-linux-x64-gnu@4.3.0':
    resolution: {integrity: sha512-DRNdQRpSGzRGfARVuVkxvM8Q12nh19l4BF/G7zGA1oe+9wcC6saFBHTISrpIcKzhiXtSrlSrluCfvMuledoCTQ==}
    engines: {node: '>= 20'}
    cpu: [x64]
    os: [linux]

  '@tailwindcss/oxide-linux-x64-musl@4.3.0':
    resolution: {integrity: sha512-Z0IADbDo8bh6I7h2IQMx601AdXBLfFpEdUotft86evd/8ZPflZe9COPO8Q1vw+pfLWIUo9zN/JGZvwuAJqduqg==}
    engines: {node: '>= 20'}
    cpu: [x64]
    os: [linux]

  '@tailwindcss/oxide-wasm32-wasi@4.3.0':
    resolution: {integrity: sha512-HNZGOUxEmElksYR7S6sC5jTeNGpobAsy9u7Gu0AskJ8/20FR9GqebUyB+HBcU/ax6BHuiuJi+Oda4B+YX6H1yA==}
    engines: {node: '>=14.0.0'}
    cpu: [wasm32]
    bundledDependencies:
      - '@napi-rs/wasm-runtime'
      - '@emnapi/core'
      - '@emnapi/runtime'
      - '@tybys/wasm-util'
      - '@emnapi/wasi-threads'
      - tslib

  '@tailwindcss/oxide-win32-arm64-msvc@4.3.0':
    resolution: {integrity: sha512-Pe+RPVTi1T+qymuuRpcdvwSVZjnll/f7n8gBxMMh3xLTctMDKqpdfGimbMyioqtLhUYZxdJ9wGNhV7MKHvgZsQ==}
    engines: {node: '>= 20'}
    cpu: [arm64]
    os: [win32]

  '@tailwindcss/oxide-win32-x64-msvc@4.3.0':
    resolution: {integrity: sha512-Mvrf2kXW/yeW/OTezZlCGOirXRcUuLIBx/5Y12BaPM7wJoryG6dfS/NJL8aBPqtTEx/Vm4T4vKzFUcKDT+TKUA==}
    engines: {node: '>= 20'}
    cpu: [x64]
    os: [win32]

  '@tailwindcss/oxide@4.3.0':
    resolution: {integrity: sha512-F7HZGBeN9I0/AuuJS5PwcD8xayx5ri5GhjYUDBEVYUkexyA/giwbDNjRVrxSezE3T250OU2K/wp/ltWx3UOefg==}
    engines: {node: '>= 20'}

  '@tailwindcss/vite@4.3.0':
    resolution: {integrity: sha512-t6J3OrB5Fc0ExuhohouH0fWUGMYL6PTLhW+E7zIk/pdbnJARZDCwjBznFnkh5ynRnIRSI4YjtTH0t6USjJISrw==}
    peerDependencies:
      vite: ^5.2.0 || ^6 || ^7 || ^8

  '@types/estree@1.0.8':
    resolution: {integrity: sha512-dWHzHa2WqEXI/O1E9OjrocMTKJl2mSrEolh1Iomrv6U+JuNwaHXsXx9bLu5gG7BUWFIN0skIQJQ/L1rIex4X6w==}

  '@types/node@24.5.2':
    resolution: {integrity: sha512-FYxk1I7wPv3K2XBaoyH2cTnocQEu8AOZ60hPbsyukMPLv5/5qr7V1i8PLHdl6Zf87I+xZXFvPCXYjiTFq+YSDQ==}

  '@vitejs/plugin-vue@6.0.1':
    resolution: {integrity: sha512-+MaE752hU0wfPFJEUAIxqw18+20euHHdxVtMvbFcOEpjEyfqXH/5DCoTHiVJ0J29EhTJdoTkjEv5YBKU9dnoTw==}
    engines: {node: ^20.19.0 || >=22.12.0}
    peerDependencies:
      vite: ^5.0.0 || ^6.0.0 || ^7.0.0
      vue: ^3.2.25

  '@volar/language-core@2.4.23':
    resolution: {integrity: sha512-hEEd5ET/oSmBC6pi1j6NaNYRWoAiDhINbT8rmwtINugR39loROSlufGdYMF9TaKGfz+ViGs1Idi3mAhnuPcoGQ==}

  '@volar/source-map@2.4.23':
    resolution: {integrity: sha512-Z1Uc8IB57Lm6k7q6KIDu/p+JWtf3xsXJqAX/5r18hYOTpJyBn0KXUR8oTJ4WFYOcDzWC9n3IflGgHowx6U6z9Q==}

  '@volar/typescript@2.4.23':
    resolution: {integrity: sha512-lAB5zJghWxVPqfcStmAP1ZqQacMpe90UrP5RJ3arDyrhy4aCUQqmxPPLB2PWDKugvylmO41ljK7vZ+t6INMTag==}

  '@vue/compiler-core@3.5.21':
    resolution: {integrity: sha512-8i+LZ0vf6ZgII5Z9XmUvrCyEzocvWT+TeR2VBUVlzIH6Tyv57E20mPZ1bCS+tbejgUgmjrEh7q/0F0bibskAmw==}

  '@vue/compiler-dom@3.5.21':
    resolution: {integrity: sha512-jNtbu/u97wiyEBJlJ9kmdw7tAr5Vy0Aj5CgQmo+6pxWNQhXZDPsRr1UWPN4v3Zf82s2H3kF51IbzZ4jMWAgPlQ==}

  '@vue/compiler-sfc@3.5.21':
    resolution: {integrity: sha512-SXlyk6I5eUGBd2v8Ie7tF6ADHE9kCR6mBEuPyH1nUZ0h6Xx6nZI29i12sJKQmzbDyr2tUHMhhTt51Z6blbkTTQ==}

  '@vue/compiler-ssr@3.5.21':
    resolution: {integrity: sha512-vKQ5olH5edFZdf5ZrlEgSO1j1DMA4u23TVK5XR1uMhvwnYvVdDF0nHXJUblL/GvzlShQbjhZZ2uvYmDlAbgo9w==}

  '@vue/compiler-vue2@2.7.16':
    resolution: {integrity: sha512-qYC3Psj9S/mfu9uVi5WvNZIzq+xnXMhOwbTFKKDD7b1lhpnn71jXSFdTQ+WsIEk0ONCd7VV2IMm7ONl6tbQ86A==}

  '@vue/language-core@3.0.7':
    resolution: {integrity: sha512-0sqqyqJ0Gn33JH3TdIsZLCZZ8Gr4kwlg8iYOnOrDDkJKSjFurlQY/bEFQx5zs7SX2C/bjMkmPYq/NiyY1fTOkw==}
    peerDependencies:
      typescript: '*'
    peerDependenciesMeta:
      typescript:
        optional: true

  '@vue/reactivity@3.5.21':
    resolution: {integrity: sha512-3ah7sa+Cwr9iiYEERt9JfZKPw4A2UlbY8RbbnH2mGCE8NwHkhmlZt2VsH0oDA3P08X3jJd29ohBDtX+TbD9AsA==}

  '@vue/runtime-core@3.5.21':
    resolution: {integrity: sha512-+DplQlRS4MXfIf9gfD1BOJpk5RSyGgGXD/R+cumhe8jdjUcq/qlxDawQlSI8hCKupBlvM+3eS1se5xW+SuNAwA==}

  '@vue/runtime-dom@3.5.21':
    resolution: {integrity: sha512-3M2DZsOFwM5qI15wrMmNF5RJe1+ARijt2HM3TbzBbPSuBHOQpoidE+Pa+XEaVN+czbHf81ETRoG1ltztP2em8w==}

  '@vue/server-renderer@3.5.21':
    resolution: {integrity: sha512-qr8AqgD3DJPJcGvLcJKQo2tAc8OnXRcfxhOJCPF+fcfn5bBGz7VCcO7t+qETOPxpWK1mgysXvVT/j+xWaHeMWA==}
    peerDependencies:
      vue: 3.5.21

  '@vue/shared@3.5.21':
    resolution: {integrity: sha512-+2k1EQpnYuVuu3N7atWyG3/xoFWIVJZq4Mz8XNOdScFI0etES75fbny/oU4lKWk/577P1zmg0ioYvpGEDZ3DLw==}

  '@vue/tsconfig@0.7.0':
    resolution: {integrity: sha512-ku2uNz5MaZ9IerPPUyOHzyjhXoX2kVJaVf7hL315DC17vS6IiZRmmCPfggNbU16QTvM80+uYYy3eYJB59WCtvg==}
    peerDependencies:
      typescript: 5.x
      vue: ^3.4.0
    peerDependenciesMeta:
      typescript:
        optional: true
      vue:
        optional: true

  acorn@8.15.0:
    resolution: {integrity: sha512-NZyJarBfL7nWwIq+FDL6Zp/yHEhePMNnnJ0y3qfieCrmNvYct8uvtiV41UvlSe6apAfk0fY1FbWx+NwfmpvtTg==}
    engines: {node: '>=0.4.0'}
    hasBin: true

  alien-signals@2.0.7:
    resolution: {integrity: sha512-wE7y3jmYeb0+h6mr5BOovuqhFv22O/MV9j5p0ndJsa7z1zJNPGQ4ph5pQk/kTTCWRC3xsA4SmtwmkzQO+7NCNg==}

  buffer-from@1.1.2:
    resolution: {integrity: sha512-E+XQCRwSbaaiChtv6k6Dwgc+bx+Bs6vuKJHHl5kox/BaKbhiXzqQOwK4cO22yElGp2OCmjwVhT3HmxgyPGnJfQ==}

  commander@2.20.3:
    resolution: {integrity: sha512-GpVkmM8vF2vQUkj2LvZmD35JxeJOLCwJ9cUkugyk2nuhbv3+mJvpLYYt+0+USMxE+oj+ey/lJEnhZw75x/OMcQ==}

  csstype@3.1.3:
    resolution: {integrity: sha512-M1uQkMl8rQK/szD0LNhtqxIPLpimGm8sOBwU7lLnCpSbTyY3yeU1Vc7l4KT5zT4s/yOxHH5O7tIuuLOCnLADRw==}

  de-indent@1.0.2:
    resolution: {integrity: sha512-e/1zu3xH5MQryN2zdVaF0OrdNLUbvWxzMbi+iNA6Bky7l1RoP8a2fIbRocyHclXt/arDrrR6lL3TqFD9pMQTsg==}

  detect-libc@2.1.2:
    resolution: {integrity: sha512-Btj2BOOO83o3WyH59e8MgXsxEQVcarkUOpEYrubB0urwnN10yQ364rsiByU11nZlqWYZm05i/of7io4mzihBtQ==}
    engines: {node: '>=8'}

  enhanced-resolve@5.22.1:
    resolution: {integrity: sha512-6QEuw3zoX1SJQc7b87aBXke/no+mG2bTBgw29gWMQonLmpEkWoCAVkl+M49e48AZlWzxiDzDZzYdp6kobcyLww==}
    engines: {node: '>=10.13.0'}

  entities@4.5.0:
    resolution: {integrity: sha512-V0hjH4dGPh9Ao5p0MoRY6BVqtwCjhz6vI5LT8AJ55H+4g9/4vbHx1I54fS0XuclLhDHArPQCiMjDxjaL8fPxhw==}
    engines: {node: '>=0.12'}

  esbuild@0.25.10:
    resolution: {integrity: sha512-9RiGKvCwaqxO2owP61uQ4BgNborAQskMR6QusfWzQqv7AZOg5oGehdY2pRJMTKuwxd1IDBP4rSbI5lHzU7SMsQ==}
    engines: {node: '>=18'}
    hasBin: true

  estree-walker@2.0.2:
    resolution: {integrity: sha512-Rfkk/Mp/DL7JVje3u18FxFujQlTNR2q6QfMSMB7AvCBx91NGj/ba3kCfza0f6dVDbw7YlRf/nDrn7pQrCCyQ/w==}

  fdir@6.5.0:
    resolution: {integrity: sha512-tIbYtZbucOs0BRGqPJkshJUYdL+SDH7dVM8gjy+ERp3WAUjLEFJE+02kanyHtwjWOnwrKYBiwAmM0p4kLJAnXg==}
    engines: {node: '>=12.0.0'}
    peerDependencies:
      picomatch: ^3 || ^4
    peerDependenciesMeta:
      picomatch:
        optional: true

  fsevents@2.3.3:
    resolution: {integrity: sha512-5xoDfX+fL7faATnagmWPpbFtwh/R77WmMMqqHGS65C3vvB0YHrgF+B1YmZ3441tMj5n63k0212XNoJwzlhffQw==}
    engines: {node: ^8.16.0 || ^10.6.0 || >=11.0.0}
    os: [darwin]

  graceful-fs@4.2.11:
    resolution: {integrity: sha512-RbJ5/jmFcNNCcDV5o9eTnBLJ/HszWV0P73bc+Ff4nS/rJj+YaS6IGyiOL0VoBYX+l1Wrl3k63h/KrH+nhJ0XvQ==}

  he@1.2.0:
    resolution: {integrity: sha512-F/1DnUGPopORZi0ni+CvrCgHQ5FyEAHRLSApuYWMmrbSwoN2Mn/7k+Gl38gJnR7yyDZk6WLXwiGod1JOWNDKGw==}
    hasBin: true

  jiti@2.7.0:
    resolution: {integrity: sha512-AC/7JofJvZGrrneWNaEnJeOLUx+JlGt7tNa0wZiRPT4MY1wmfKjt2+6O2p2uz2+skll8OZZmJMNqeke7kKbNgQ==}
    hasBin: true

  lightningcss-android-arm64@1.32.0:
    resolution: {integrity: sha512-YK7/ClTt4kAK0vo6w3X+Pnm0D2cf2vPHbhOXdoNti1Ga0al1P4TBZhwjATvjNwLEBCnKvjJc2jQgHXH0NEwlAg==}
    engines: {node: '>= 12.0.0'}
    cpu: [arm64]
    os: [android]

  lightningcss-darwin-arm64@1.32.0:
    resolution: {integrity: sha512-RzeG9Ju5bag2Bv1/lwlVJvBE3q6TtXskdZLLCyfg5pt+HLz9BqlICO7LZM7VHNTTn/5PRhHFBSjk5lc4cmscPQ==}
    engines: {node: '>= 12.0.0'}
    cpu: [arm64]
    os: [darwin]

  lightningcss-darwin-x64@1.32.0:
    resolution: {integrity: sha512-U+QsBp2m/s2wqpUYT/6wnlagdZbtZdndSmut/NJqlCcMLTWp5muCrID+K5UJ6jqD2BFshejCYXniPDbNh73V8w==}
    engines: {node: '>= 12.0.0'}
    cpu: [x64]
    os: [darwin]

  lightningcss-freebsd-x64@1.32.0:
    resolution: {integrity: sha512-JCTigedEksZk3tHTTthnMdVfGf61Fky8Ji2E4YjUTEQX14xiy/lTzXnu1vwiZe3bYe0q+SpsSH/CTeDXK6WHig==}
    engines: {node: '>= 12.0.0'}
    cpu: [x64]
    os: [freebsd]

  lightningcss-linux-arm-gnueabihf@1.32.0:
    resolution: {integrity: sha512-x6rnnpRa2GL0zQOkt6rts3YDPzduLpWvwAF6EMhXFVZXD4tPrBkEFqzGowzCsIWsPjqSK+tyNEODUBXeeVHSkw==}
    engines: {node: '>= 12.0.0'}
    cpu: [arm]
    os: [linux]

  lightningcss-linux-arm64-gnu@1.32.0:
    resolution: {integrity: sha512-0nnMyoyOLRJXfbMOilaSRcLH3Jw5z9HDNGfT/gwCPgaDjnx0i8w7vBzFLFR1f6CMLKF8gVbebmkUN3fa/kQJpQ==}
    engines: {node: '>= 12.0.0'}
    cpu: [arm64]
    os: [linux]

  lightningcss-linux-arm64-musl@1.32.0:
    resolution: {integrity: sha512-UpQkoenr4UJEzgVIYpI80lDFvRmPVg6oqboNHfoH4CQIfNA+HOrZ7Mo7KZP02dC6LjghPQJeBsvXhJod/wnIBg==}
    engines: {node: '>= 12.0.0'}
    cpu: [arm64]
    os: [linux]

  lightningcss-linux-x64-gnu@1.32.0:
    resolution: {integrity: sha512-V7Qr52IhZmdKPVr+Vtw8o+WLsQJYCTd8loIfpDaMRWGUZfBOYEJeyJIkqGIDMZPwPx24pUMfwSxxI8phr/MbOA==}
    engines: {node: '>= 12.0.0'}
    cpu: [x64]
    os: [linux]

  lightningcss-linux-x64-musl@1.32.0:
    resolution: {integrity: sha512-bYcLp+Vb0awsiXg/80uCRezCYHNg1/l3mt0gzHnWV9XP1W5sKa5/TCdGWaR/zBM2PeF/HbsQv/j2URNOiVuxWg==}
    engines: {node: '>= 12.0.0'}
    cpu: [x64]
    os: [linux]

  lightningcss-win32-arm64-msvc@1.32.0:
    resolution: {integrity: sha512-8SbC8BR40pS6baCM8sbtYDSwEVQd4JlFTOlaD3gWGHfThTcABnNDBda6eTZeqbofalIJhFx0qKzgHJmcPTnGdw==}
    engines: {node: '>= 12.0.0'}
    cpu: [arm64]
    os: [win32]

  lightningcss-win32-x64-msvc@1.32.0:
    resolution: {integrity: sha512-Amq9B/SoZYdDi1kFrojnoqPLxYhQ4Wo5XiL8EVJrVsB8ARoC1PWW6VGtT0WKCemjy8aC+louJnjS7U18x3b06Q==}
    engines: {node: '>= 12.0.0'}
    cpu: [x64]
    os: [win32]

  lightningcss@1.32.0:
    resolution: {integrity: sha512-NXYBzinNrblfraPGyrbPoD19C1h9lfI/1mzgWYvXUTe414Gz/X1FD2XBZSZM7rRTrMA8JL3OtAaGifrIKhQ5yQ==}
    engines: {node: '>= 12.0.0'}

  magic-string@0.30.19:
    resolution: {integrity: sha512-2N21sPY9Ws53PZvsEpVtNuSW+ScYbQdp4b9qUaL+9QkHUrGFKo56Lg9Emg5s9V/qrtNBmiR01sYhUOwu3H+VOw==}

  magic-string@0.30.21:
    resolution: {integrity: sha512-vd2F4YUyEXKGcLHoq+TEyCjxueSeHnFxyyjNp80yg0XV4vUhnDer/lvvlqM/arB5bXQN5K2/3oinyCRyx8T2CQ==}

  muggle-string@0.4.1:
    resolution: {integrity: sha512-VNTrAak/KhO2i8dqqnqnAHOa3cYBwXEZe9h+D5h/1ZqFSTEFHdM65lR7RoIqq3tBBYavsOXV84NoHXZ0AkPyqQ==}

  nanoid@3.3.12:
    resolution: {integrity: sha512-ZB9RH/39qpq5Vu6Y+NmUaFhQR6pp+M2Xt76XBnEwDaGcVAqhlvxrl3B2bKS5D3NH3QR76v3aSrKaF/Kiy7lEtQ==}
    engines: {node: ^10 || ^12 || ^13.7 || ^14 || >=15.0.1}
    hasBin: true

  path-browserify@1.0.1:
    resolution: {integrity: sha512-b7uo2UCUOYZcnF/3ID0lulOJi/bafxa1xPe7ZPsammBSpjSWQkjNxlt635YGS2MiR9GjvuXCtz2emr3jbsz98g==}

  picocolors@1.1.1:
    resolution: {integrity: sha512-xceH2snhtb5M9liqDsmEw56le376mTZkEX/jEb/RxNFyegNul7eNslCXP9FDj/Lcu0X8KEyMceP2ntpaHrDEVA==}

  picomatch@4.0.3:
    resolution: {integrity: sha512-5gTmgEY/sqK6gFXLIsQNH19lWb4ebPDLA4SdLP7dsWkIXHWlG66oPuVvXSGFPppYZz8ZDZq0dYYrbHfBCVUb1Q==}
    engines: {node: '>=12'}

  postcss@8.5.15:
    resolution: {integrity: sha512-FfR8sjd4em2T6fb3I2MwAJU7HWVMr9zba+enmQeeWFfCbm+UOC/0X4DS8XtpUTMwWMGbjKYP7xjfNekzyGmB3A==}
    engines: {node: ^10 || ^12 || >=14}

  rollup@4.50.2:
    resolution: {integrity: sha512-BgLRGy7tNS9H66aIMASq1qSYbAAJV6Z6WR4QYTvj5FgF15rZ/ympT1uixHXwzbZUBDbkvqUI1KR0fH1FhMaQ9w==}
    engines: {node: '>=18.0.0', npm: '>=8.0.0'}
    hasBin: true

  source-map-js@1.2.1:
    resolution: {integrity: sha512-UXWMKhLOwVKb728IUtQPXxfYU+usdybtUrK/8uGE8CQMvrhOpwvzDBwj0QhSL7MQc7vIsISBG8VQ8+IDQxpfQA==}
    engines: {node: '>=0.10.0'}

  source-map-support@0.5.21:
    resolution: {integrity: sha512-uBHU3L3czsIyYXKX88fdrGovxdSCoTGDRZ6SYXtSRxLZUzHg5P/66Ht6uoUlHu9EZod+inXhKo3qQgwXUT/y1w==}

  source-map@0.6.1:
    resolution: {integrity: sha512-UjgapumWlbMhkBgzT7Ykc5YXUT46F0iKu8SGXq0bcwP5dz/h0Plj6enJqjz1Zbq2l5WaqYnrVbwWOWMyF3F47g==}
    engines: {node: '>=0.10.0'}

  tailwindcss@4.3.0:
    resolution: {integrity: sha512-y6nxMGB1nMW9R6k96e5gdIFzcfL/gTJRNaqGes1YvkLnPVXzWgbqFF2yLC0T8G774n24cx3Pe8XrKoniCOAH+Q==}

  tapable@2.3.3:
    resolution: {integrity: sha512-uxc/zpqFg6x7C8vOE7lh6Lbda8eEL9zmVm/PLeTPBRhh1xCgdWaQ+J1CUieGpIfm2HdtsUpRv+HshiasBMcc6A==}
    engines: {node: '>=6'}

  terser@5.44.0:
    resolution: {integrity: sha512-nIVck8DK+GM/0Frwd+nIhZ84pR/BX7rmXMfYwyg+Sri5oGVE99/E3KvXqpC2xHFxyqXyGHTKBSioxxplrO4I4w==}
    engines: {node: '>=10'}
    hasBin: true

  tinyglobby@0.2.15:
    resolution: {integrity: sha512-j2Zq4NyQYG5XMST4cbs02Ak8iJUdxRM0XI5QyxXuZOzKOINmWurp3smXu3y5wDcJrptwpSjgXHzIQxR0omXljQ==}
    engines: {node: '>=12.0.0'}

  typescript@6.0.3:
    resolution: {integrity: sha512-y2TvuxSZPDyQakkFRPZHKFm+KKVqIisdg9/CZwm9ftvKXLP8NRWj38/ODjNbr43SsoXqNuAisEf1GdCxqWcdBw==}
    engines: {node: '>=14.17'}
    hasBin: true

  undici-types@7.12.0:
    resolution: {integrity: sha512-goOacqME2GYyOZZfb5Lgtu+1IDmAlAEu5xnD3+xTzS10hT0vzpf0SPjkXwAw9Jm+4n/mQGDP3LO8CPbYROeBfQ==}

  vite@7.1.5:
    resolution: {integrity: sha512-4cKBO9wR75r0BeIWWWId9XK9Lj6La5X846Zw9dFfzMRw38IlTk2iCcUt6hsyiDRcPidc55ZParFYDXi0nXOeLQ==}
    engines: {node: ^20.19.0 || >=22.12.0}
    hasBin: true
    peerDependencies:
      '@types/node': ^20.19.0 || >=22.12.0
      jiti: '>=1.21.0'
      less: ^4.0.0
      lightningcss: ^1.21.0
      sass: ^1.70.0
      sass-embedded: ^1.70.0
      stylus: '>=0.54.8'
      sugarss: ^5.0.0
      terser: ^5.16.0
      tsx: ^4.8.1
      yaml: ^2.4.2
    peerDependenciesMeta:
      '@types/node':
        optional: true
      jiti:
        optional: true
      less:
        optional: true
      lightningcss:
        optional: true
      sass:
        optional: true
      sass-embedded:
        optional: true
      stylus:
        optional: true
      sugarss:
        optional: true
      terser:
        optional: true
      tsx:
        optional: true
      yaml:
        optional: true

  vscode-uri@3.1.0:
    resolution: {integrity: sha512-/BpdSx+yCQGnCvecbyXdxHDkuk55/G3xwnC0GqY4gmQ3j+A+g8kzzgB4Nk/SINjqn6+waqw3EgbVF2QKExkRxQ==}

  vue-tsc@3.0.7:
    resolution: {integrity: sha512-BSMmW8GGEgHykrv7mRk6zfTdK+tw4MBZY/x6fFa7IkdXK3s/8hQRacPjG9/8YKFDIWGhBocwi6PlkQQ/93OgIQ==}
    hasBin: true
    peerDependencies:
      typescript: '>=5.0.0'

  vue@3.5.21:
    resolution: {integrity: sha512-xxf9rum9KtOdwdRkiApWL+9hZEMWE90FHh8yS1+KJAiWYh+iGWV1FquPjoO9VUHQ+VIhsCXNNyZ5Sf4++RVZBA==}
    peerDependencies:
      typescript: '*'
    peerDependenciesMeta:
      typescript:
        optional: true

snapshots:

  '@babel/helper-string-parser@7.27.1': {}

  '@babel/helper-validator-identifier@7.27.1': {}

  '@babel/parser@7.28.4':
    dependencies:
      '@babel/types': 7.28.4

  '@babel/types@7.28.4':
    dependencies:
      '@babel/helper-string-parser': 7.27.1
      '@babel/helper-validator-identifier': 7.27.1

  '@esbuild/aix-ppc64@0.25.10':
    optional: true

  '@esbuild/android-arm64@0.25.10':
    optional: true

  '@esbuild/android-arm@0.25.10':
    optional: true

  '@esbuild/android-x64@0.25.10':
    optional: true

  '@esbuild/darwin-arm64@0.25.10':
    optional: true

  '@esbuild/darwin-x64@0.25.10':
    optional: true

  '@esbuild/freebsd-arm64@0.25.10':
    optional: true

  '@esbuild/freebsd-x64@0.25.10':
    optional: true

  '@esbuild/linux-arm64@0.25.10':
    optional: true

  '@esbuild/linux-arm@0.25.10':
    optional: true

  '@esbuild/linux-ia32@0.25.10':
    optional: true

  '@esbuild/linux-loong64@0.25.10':
    optional: true

  '@esbuild/linux-mips64el@0.25.10':
    optional: true

  '@esbuild/linux-ppc64@0.25.10':
    optional: true

  '@esbuild/linux-riscv64@0.25.10':
    optional: true

  '@esbuild/linux-s390x@0.25.10':
    optional: true

  '@esbuild/linux-x64@0.25.10':
    optional: true

  '@esbuild/netbsd-arm64@0.25.10':
    optional: true

  '@esbuild/netbsd-x64@0.25.10':
    optional: true

  '@esbuild/openbsd-arm64@0.25.10':
    optional: true

  '@esbuild/openbsd-x64@0.25.10':
    optional: true

  '@esbuild/openharmony-arm64@0.25.10':
    optional: true

  '@esbuild/sunos-x64@0.25.10':
    optional: true

  '@esbuild/win32-arm64@0.25.10':
    optional: true

  '@esbuild/win32-ia32@0.25.10':
    optional: true

  '@esbuild/win32-x64@0.25.10':
    optional: true

  '@jridgewell/gen-mapping@0.3.13':
    dependencies:
      '@jridgewell/sourcemap-codec': 1.5.5
      '@jridgewell/trace-mapping': 0.3.31

  '@jridgewell/remapping@2.3.5':
    dependencies:
      '@jridgewell/gen-mapping': 0.3.13
      '@jridgewell/trace-mapping': 0.3.31

  '@jridgewell/resolve-uri@3.1.2': {}

  '@jridgewell/source-map@0.3.11':
    dependencies:
      '@jridgewell/gen-mapping': 0.3.13
      '@jridgewell/trace-mapping': 0.3.31
    optional: true

  '@jridgewell/sourcemap-codec@1.5.5': {}

  '@jridgewell/trace-mapping@0.3.31':
    dependencies:
      '@jridgewell/resolve-uri': 3.1.2
      '@jridgewell/sourcemap-codec': 1.5.5

  '@rolldown/pluginutils@1.0.0-beta.29': {}

  '@rollup/rollup-android-arm-eabi@4.50.2':
    optional: true

  '@rollup/rollup-android-arm64@4.50.2':
    optional: true

  '@rollup/rollup-darwin-arm64@4.50.2':
    optional: true

  '@rollup/rollup-darwin-x64@4.50.2':
    optional: true

  '@rollup/rollup-freebsd-arm64@4.50.2':
    optional: true

  '@rollup/rollup-freebsd-x64@4.50.2':
    optional: true

  '@rollup/rollup-linux-arm-gnueabihf@4.50.2':
    optional: true

  '@rollup/rollup-linux-arm-musleabihf@4.50.2':
    optional: true

  '@rollup/rollup-linux-arm64-gnu@4.50.2':
    optional: true

  '@rollup/rollup-linux-arm64-musl@4.50.2':
    optional: true

  '@rollup/rollup-linux-loong64-gnu@4.50.2':
    optional: true

  '@rollup/rollup-linux-ppc64-gnu@4.50.2':
    optional: true

  '@rollup/rollup-linux-riscv64-gnu@4.50.2':
    optional: true

  '@rollup/rollup-linux-riscv64-musl@4.50.2':
    optional: true

  '@rollup/rollup-linux-s390x-gnu@4.50.2':
    optional: true

  '@rollup/rollup-linux-x64-gnu@4.50.2':
    optional: true

  '@rollup/rollup-linux-x64-musl@4.50.2':
    optional: true

  '@rollup/rollup-openharmony-arm64@4.50.2':
    optional: true

  '@rollup/rollup-win32-arm64-msvc@4.50.2':
    optional: true

  '@rollup/rollup-win32-ia32-msvc@4.50.2':
    optional: true

  '@rollup/rollup-win32-x64-msvc@4.50.2':
    optional: true

  '@tailwindcss/node@4.3.0':
    dependencies:
      '@jridgewell/remapping': 2.3.5
      enhanced-resolve: 5.22.1
      jiti: 2.7.0
      lightningcss: 1.32.0
      magic-string: 0.30.21
      source-map-js: 1.2.1
      tailwindcss: 4.3.0

  '@tailwindcss/oxide-android-arm64@4.3.0':
    optional: true

  '@tailwindcss/oxide-darwin-arm64@4.3.0':
    optional: true

  '@tailwindcss/oxide-darwin-x64@4.3.0':
    optional: true

  '@tailwindcss/oxide-freebsd-x64@4.3.0':
    optional: true

  '@tailwindcss/oxide-linux-arm-gnueabihf@4.3.0':
    optional: true

  '@tailwindcss/oxide-linux-arm64-gnu@4.3.0':
    optional: true

  '@tailwindcss/oxide-linux-arm64-musl@4.3.0':
    optional: true

  '@tailwindcss/oxide-linux-x64-gnu@4.3.0':
    optional: true

  '@tailwindcss/oxide-linux-x64-musl@4.3.0':
    optional: true

  '@tailwindcss/oxide-wasm32-wasi@4.3.0':
    optional: true

  '@tailwindcss/oxide-win32-arm64-msvc@4.3.0':
    optional: true

  '@tailwindcss/oxide-win32-x64-msvc@4.3.0':
    optional: true

  '@tailwindcss/oxide@4.3.0':
    optionalDependencies:
      '@tailwindcss/oxide-android-arm64': 4.3.0
      '@tailwindcss/oxide-darwin-arm64': 4.3.0
      '@tailwindcss/oxide-darwin-x64': 4.3.0
      '@tailwindcss/oxide-freebsd-x64': 4.3.0
      '@tailwindcss/oxide-linux-arm-gnueabihf': 4.3.0
      '@tailwindcss/oxide-linux-arm64-gnu': 4.3.0
      '@tailwindcss/oxide-linux-arm64-musl': 4.3.0
      '@tailwindcss/oxide-linux-x64-gnu': 4.3.0
      '@tailwindcss/oxide-linux-x64-musl': 4.3.0
      '@tailwindcss/oxide-wasm32-wasi': 4.3.0
      '@tailwindcss/oxide-win32-arm64-msvc': 4.3.0
      '@tailwindcss/oxide-win32-x64-msvc': 4.3.0

  '@tailwindcss/vite@4.3.0(vite@7.1.5(@types/node@24.5.2)(jiti@2.7.0)(lightningcss@1.32.0)(terser@5.44.0))':
    dependencies:
      '@tailwindcss/node': 4.3.0
      '@tailwindcss/oxide': 4.3.0
      tailwindcss: 4.3.0
      vite: 7.1.5(@types/node@24.5.2)(jiti@2.7.0)(lightningcss@1.32.0)(terser@5.44.0)

  '@types/estree@1.0.8': {}

  '@types/node@24.5.2':
    dependencies:
      undici-types: 7.12.0

  '@vitejs/plugin-vue@6.0.1(vite@7.1.5(@types/node@24.5.2)(jiti@2.7.0)(lightningcss@1.32.0)(terser@5.44.0))(vue@3.5.21(typescript@6.0.3))':
    dependencies:
      '@rolldown/pluginutils': 1.0.0-beta.29
      vite: 7.1.5(@types/node@24.5.2)(jiti@2.7.0)(lightningcss@1.32.0)(terser@5.44.0)
      vue: 3.5.21(typescript@6.0.3)

  '@volar/language-core@2.4.23':
    dependencies:
      '@volar/source-map': 2.4.23

  '@volar/source-map@2.4.23': {}

  '@volar/typescript@2.4.23':
    dependencies:
      '@volar/language-core': 2.4.23
      path-browserify: 1.0.1
      vscode-uri: 3.1.0

  '@vue/compiler-core@3.5.21':
    dependencies:
      '@babel/parser': 7.28.4
      '@vue/shared': 3.5.21
      entities: 4.5.0
      estree-walker: 2.0.2
      source-map-js: 1.2.1

  '@vue/compiler-dom@3.5.21':
    dependencies:
      '@vue/compiler-core': 3.5.21
      '@vue/shared': 3.5.21

  '@vue/compiler-sfc@3.5.21':
    dependencies:
      '@babel/parser': 7.28.4
      '@vue/compiler-core': 3.5.21
      '@vue/compiler-dom': 3.5.21
      '@vue/compiler-ssr': 3.5.21
      '@vue/shared': 3.5.21
      estree-walker: 2.0.2
      magic-string: 0.30.19
      postcss: 8.5.15
      source-map-js: 1.2.1

  '@vue/compiler-ssr@3.5.21':
    dependencies:
      '@vue/compiler-dom': 3.5.21
      '@vue/shared': 3.5.21

  '@vue/compiler-vue2@2.7.16':
    dependencies:
      de-indent: 1.0.2
      he: 1.2.0

  '@vue/language-core@3.0.7(typescript@6.0.3)':
    dependencies:
      '@volar/language-core': 2.4.23
      '@vue/compiler-dom': 3.5.21
      '@vue/compiler-vue2': 2.7.16
      '@vue/shared': 3.5.21
      alien-signals: 2.0.7
      muggle-string: 0.4.1
      path-browserify: 1.0.1
      picomatch: 4.0.3
    optionalDependencies:
      typescript: 6.0.3

  '@vue/reactivity@3.5.21':
    dependencies:
      '@vue/shared': 3.5.21

  '@vue/runtime-core@3.5.21':
    dependencies:
      '@vue/reactivity': 3.5.21
      '@vue/shared': 3.5.21

  '@vue/runtime-dom@3.5.21':
    dependencies:
      '@vue/reactivity': 3.5.21
      '@vue/runtime-core': 3.5.21
      '@vue/shared': 3.5.21
      csstype: 3.1.3

  '@vue/server-renderer@3.5.21(vue@3.5.21(typescript@6.0.3))':
    dependencies:
      '@vue/compiler-ssr': 3.5.21
      '@vue/shared': 3.5.21
      vue: 3.5.21(typescript@6.0.3)

  '@vue/shared@3.5.21': {}

  '@vue/tsconfig@0.7.0(typescript@6.0.3)(vue@3.5.21(typescript@6.0.3))':
    optionalDependencies:
      typescript: 6.0.3
      vue: 3.5.21(typescript@6.0.3)

  acorn@8.15.0:
    optional: true

  alien-signals@2.0.7: {}

  buffer-from@1.1.2:
    optional: true

  commander@2.20.3:
    optional: true

  csstype@3.1.3: {}

  de-indent@1.0.2: {}

  detect-libc@2.1.2: {}

  enhanced-resolve@5.22.1:
    dependencies:
      graceful-fs: 4.2.11
      tapable: 2.3.3

  entities@4.5.0: {}

  esbuild@0.25.10:
    optionalDependencies:
      '@esbuild/aix-ppc64': 0.25.10
      '@esbuild/android-arm': 0.25.10
      '@esbuild/android-arm64': 0.25.10
      '@esbuild/android-x64': 0.25.10
      '@esbuild/darwin-arm64': 0.25.10
      '@esbuild/darwin-x64': 0.25.10
      '@esbuild/freebsd-arm64': 0.25.10
      '@esbuild/freebsd-x64': 0.25.10
      '@esbuild/linux-arm': 0.25.10
      '@esbuild/linux-arm64': 0.25.10
      '@esbuild/linux-ia32': 0.25.10
      '@esbuild/linux-loong64': 0.25.10
      '@esbuild/linux-mips64el': 0.25.10
      '@esbuild/linux-ppc64': 0.25.10
      '@esbuild/linux-riscv64': 0.25.10
      '@esbuild/linux-s390x': 0.25.10
      '@esbuild/linux-x64': 0.25.10
      '@esbuild/netbsd-arm64': 0.25.10
      '@esbuild/netbsd-x64': 0.25.10
      '@esbuild/openbsd-arm64': 0.25.10
      '@esbuild/openbsd-x64': 0.25.10
      '@esbuild/openharmony-arm64': 0.25.10
      '@esbuild/sunos-x64': 0.25.10
      '@esbuild/win32-arm64': 0.25.10
      '@esbuild/win32-ia32': 0.25.10
      '@esbuild/win32-x64': 0.25.10

  estree-walker@2.0.2: {}

  fdir@6.5.0(picomatch@4.0.3):
    optionalDependencies:
      picomatch: 4.0.3

  fsevents@2.3.3:
    optional: true

  graceful-fs@4.2.11: {}

  he@1.2.0: {}

  jiti@2.7.0: {}

  lightningcss-android-arm64@1.32.0:
    optional: true

  lightningcss-darwin-arm64@1.32.0:
    optional: true

  lightningcss-darwin-x64@1.32.0:
    optional: true

  lightningcss-freebsd-x64@1.32.0:
    optional: true

  lightningcss-linux-arm-gnueabihf@1.32.0:
    optional: true

  lightningcss-linux-arm64-gnu@1.32.0:
    optional: true

  lightningcss-linux-arm64-musl@1.32.0:
    optional: true

  lightningcss-linux-x64-gnu@1.32.0:
    optional: true

  lightningcss-linux-x64-musl@1.32.0:
    optional: true

  lightningcss-win32-arm64-msvc@1.32.0:
    optional: true

  lightningcss-win32-x64-msvc@1.32.0:
    optional: true

  lightningcss@1.32.0:
    dependencies:
      detect-libc: 2.1.2
    optionalDependencies:
      lightningcss-android-arm64: 1.32.0
      lightningcss-darwin-arm64: 1.32.0
      lightningcss-darwin-x64: 1.32.0
      lightningcss-freebsd-x64: 1.32.0
      lightningcss-linux-arm-gnueabihf: 1.32.0
      lightningcss-linux-arm64-gnu: 1.32.0
      lightningcss-linux-arm64-musl: 1.32.0
      lightningcss-linux-x64-gnu: 1.32.0
      lightningcss-linux-x64-musl: 1.32.0
      lightningcss-win32-arm64-msvc: 1.32.0
      lightningcss-win32-x64-msvc: 1.32.0

  magic-string@0.30.19:
    dependencies:
      '@jridgewell/sourcemap-codec': 1.5.5

  magic-string@0.30.21:
    dependencies:
      '@jridgewell/sourcemap-codec': 1.5.5

  muggle-string@0.4.1: {}

  nanoid@3.3.12: {}

  path-browserify@1.0.1: {}

  picocolors@1.1.1: {}

  picomatch@4.0.3: {}

  postcss@8.5.15:
    dependencies:
      nanoid: 3.3.12
      picocolors: 1.1.1
      source-map-js: 1.2.1

  rollup@4.50.2:
    dependencies:
      '@types/estree': 1.0.8
    optionalDependencies:
      '@rollup/rollup-android-arm-eabi': 4.50.2
      '@rollup/rollup-android-arm64': 4.50.2
      '@rollup/rollup-darwin-arm64': 4.50.2
      '@rollup/rollup-darwin-x64': 4.50.2
      '@rollup/rollup-freebsd-arm64': 4.50.2
      '@rollup/rollup-freebsd-x64': 4.50.2
      '@rollup/rollup-linux-arm-gnueabihf': 4.50.2
      '@rollup/rollup-linux-arm-musleabihf': 4.50.2
      '@rollup/rollup-linux-arm64-gnu': 4.50.2
      '@rollup/rollup-linux-arm64-musl': 4.50.2
      '@rollup/rollup-linux-loong64-gnu': 4.50.2
      '@rollup/rollup-linux-ppc64-gnu': 4.50.2
      '@rollup/rollup-linux-riscv64-gnu': 4.50.2
      '@rollup/rollup-linux-riscv64-musl': 4.50.2
      '@rollup/rollup-linux-s390x-gnu': 4.50.2
      '@rollup/rollup-linux-x64-gnu': 4.50.2
      '@rollup/rollup-linux-x64-musl': 4.50.2
      '@rollup/rollup-openharmony-arm64': 4.50.2
      '@rollup/rollup-win32-arm64-msvc': 4.50.2
      '@rollup/rollup-win32-ia32-msvc': 4.50.2
      '@rollup/rollup-win32-x64-msvc': 4.50.2
      fsevents: 2.3.3

  source-map-js@1.2.1: {}

  source-map-support@0.5.21:
    dependencies:
      buffer-from: 1.1.2
      source-map: 0.6.1
    optional: true

  source-map@0.6.1:
    optional: true

  tailwindcss@4.3.0: {}

  tapable@2.3.3: {}

  terser@5.44.0:
    dependencies:
      '@jridgewell/source-map': 0.3.11
      acorn: 8.15.0
      commander: 2.20.3
      source-map-support: 0.5.21
    optional: true

  tinyglobby@0.2.15:
    dependencies:
      fdir: 6.5.0(picomatch@4.0.3)
      picomatch: 4.0.3

  typescript@6.0.3: {}

  undici-types@7.12.0: {}

  vite@7.1.5(@types/node@24.5.2)(jiti@2.7.0)(lightningcss@1.32.0)(terser@5.44.0):
    dependencies:
      esbuild: 0.25.10
      fdir: 6.5.0(picomatch@4.0.3)
      picomatch: 4.0.3
      postcss: 8.5.15
      rollup: 4.50.2
      tinyglobby: 0.2.15
    optionalDependencies:
      '@types/node': 24.5.2
      fsevents: 2.3.3
      jiti: 2.7.0
      lightningcss: 1.32.0
      terser: 5.44.0

  vscode-uri@3.1.0: {}

  vue-tsc@3.0.7(typescript@6.0.3):
    dependencies:
      '@volar/typescript': 2.4.23
      '@vue/language-core': 3.0.7(typescript@6.0.3)
      typescript: 6.0.3

  vue@3.5.21(typescript@6.0.3):
    dependencies:
      '@vue/compiler-dom': 3.5.21
      '@vue/compiler-sfc': 3.5.21
      '@vue/runtime-dom': 3.5.21
      '@vue/server-renderer': 3.5.21(vue@3.5.21(typescript@6.0.3))
      '@vue/shared': 3.5.21
    optionalDependencies:
      typescript: 6.0.3
